
Microsoft Visual Studio Solution File, Format Version 12.00
# Visual Studio 15
VisualStudioVersion = 15.0.27703.2018
MinimumVisualStudioVersion = 10.0.40219.1
Project("{FAE04EC0-301F-11D3-BF4B-00C04F79EFBC}") = "test", "test\test.csproj", "{95D7D963-2DAC-4C96-B6EE-EBED9C3216DF}"
EndProject
Global
	GlobalSection(SolutionConfigurationPlatforms) = preSolution
		Debug|Any CPU = Debug|Any CPU
		Release|Any CPU = Release|Any CPU
	EndGlobalSection
	GlobalSection(ProjectConfigurationPlatforms) = postSolution
		{95D7D963-2DAC-4C96-B6EE-EBED9C3216DF}.Debug|Any CPU.ActiveCfg = Debug|Any CPU
		{95D7D963-2DAC-4C96-B6EE-EBED9C3216DF}.Debug|Any CPU.Build.0 = Debug|Any CPU
		{95D7D963-2DAC-4C96-B6EE-EBED9C3216DF}.Release|Any CPU.ActiveCfg = Release|Any CPU
		{95D7D963-2DAC-4C96-B6EE-EBED9C3216DF}.Release|Any CPU.Build.0 = Release|Any CPU
	EndGlobalSection
	GlobalSection(SolutionProperties) = preSolution
		HideSolutionNode = FALSE
	EndGlobalSection
	GlobalSection(ExtensibilityGlobals) = postSolution
		SolutionGuid = {2D10EAEF-6D2C-4D5A-BC19-950DBD646BE7}
	EndGlobalSection
EndGlobal
